
Microsoft Visual Studio Solution File, Format Version 12.00
# Visual Studio 14
VisualStudioVersion = 14.0.25420.1
MinimumVisualStudioVersion = 10.0.40219.1
Project("{8BC9CEB8-8B4A-11D0-8D11-00A0C91BC942}") = "UsbKeyUtil", "UsbKeyUtil\UsbKeyUtil.vcxproj", "{229D4DB4-2AFF-4C7C-95EB-C16E54C63DD9}"
EndProject
Project("{6141683F-8A12-4E36-9623-2EB02B2C2303}") = "Setup1", "Setup1\Setup1.isproj", "{864A02D4-7389-4ECB-871C-877AA766ED2D}"
EndProject
Global
	GlobalSection(SolutionConfigurationPlatforms) = preSolution
		CD_ROM|x64 = CD_ROM|x64
		CD_ROM|x86 = CD_ROM|x86
		Debug|x64 = Debug|x64
		Debug|x86 = Debug|x86
		DVD-5|x64 = DVD-5|x64
		DVD-5|x86 = DVD-5|x86
		Release|x64 = Release|x64
		Release|x86 = Release|x86
		SingleImage|x64 = SingleImage|x64
		SingleImage|x86 = SingleImage|x86
	EndGlobalSection
	GlobalSection(ProjectConfigurationPlatforms) = postSolution
		{229D4DB4-2AFF-4C7C-95EB-C16E54C63DD9}.CD_ROM|x64.ActiveCfg = Release|x64
		{229D4DB4-2AFF-4C7C-95EB-C16E54C63DD9}.CD_ROM|x64.Build.0 = Release|x64
		{229D4DB4-2AFF-4C7C-95EB-C16E54C63DD9}.CD_ROM|x86.ActiveCfg = Release|Win32
		{229D4DB4-2AFF-4C7C-95EB-C16E54C63DD9}.CD_ROM|x86.Build.0 = Release|Win32
		{229D4DB4-2AFF-4C7C-95EB-C16E54C63DD9}.Debug|x64.ActiveCfg = Debug|x64
		{229D4DB4-2AFF-4C7C-95EB-C16E54C63DD9}.Debug|x64.Build.0 = Debug|x64
		{229D4DB4-2AFF-4C7C-95EB-C16E54C63DD9}.Debug|x86.ActiveCfg = Release|Win32
		{229D4DB4-2AFF-4C7C-95EB-C16E54C63DD9}.Debug|x86.Build.0 = Release|Win32
		{229D4DB4-2AFF-4C7C-95EB-C16E54C63DD9}.DVD-5|x64.ActiveCfg = Debug|x64
		{229D4DB4-2AFF-4C7C-95EB-C16E54C63DD9}.DVD-5|x64.Build.0 = Debug|x64
		{229D4DB4-2AFF-4C7C-95EB-C16E54C63DD9}.DVD-5|x86.ActiveCfg = Debug|Win32
		{229D4DB4-2AFF-4C7C-95EB-C16E54C63DD9}.DVD-5|x86.Build.0 = Debug|Win32
		{229D4DB4-2AFF-4C7C-95EB-C16E54C63DD9}.Release|x64.ActiveCfg = Release|x64
		{229D4DB4-2AFF-4C7C-95EB-C16E54C63DD9}.Release|x64.Build.0 = Release|x64
		{229D4DB4-2AFF-4C7C-95EB-C16E54C63DD9}.Release|x86.ActiveCfg = Release|Win32
		{229D4DB4-2AFF-4C7C-95EB-C16E54C63DD9}.Release|x86.Build.0 = Release|Win32
		{229D4DB4-2AFF-4C7C-95EB-C16E54C63DD9}.Release|x86.Deploy.0 = Release|Win32
		{229D4DB4-2AFF-4C7C-95EB-C16E54C63DD9}.SingleImage|x64.ActiveCfg = Release|x64
		{229D4DB4-2AFF-4C7C-95EB-C16E54C63DD9}.SingleImage|x64.Build.0 = Release|x64
		{229D4DB4-2AFF-4C7C-95EB-C16E54C63DD9}.SingleImage|x86.ActiveCfg = Release|Win32
		{229D4DB4-2AFF-4C7C-95EB-C16E54C63DD9}.SingleImage|x86.Build.0 = Release|Win32
		{864A02D4-7389-4ECB-871C-877AA766ED2D}.CD_ROM|x64.ActiveCfg = CD_ROM
		{864A02D4-7389-4ECB-871C-877AA766ED2D}.CD_ROM|x64.Build.0 = CD_ROM
		{864A02D4-7389-4ECB-871C-877AA766ED2D}.CD_ROM|x86.ActiveCfg = CD_ROM
		{864A02D4-7389-4ECB-871C-877AA766ED2D}.CD_ROM|x86.Build.0 = CD_ROM
		{864A02D4-7389-4ECB-871C-877AA766ED2D}.Debug|x64.ActiveCfg = DVD-5
		{864A02D4-7389-4ECB-871C-877AA766ED2D}.Debug|x64.Build.0 = DVD-5
		{864A02D4-7389-4ECB-871C-877AA766ED2D}.Debug|x86.ActiveCfg = SingleImage
		{864A02D4-7389-4ECB-871C-877AA766ED2D}.Debug|x86.Build.0 = SingleImage
		{864A02D4-7389-4ECB-871C-877AA766ED2D}.DVD-5|x64.ActiveCfg = DVD-5
		{864A02D4-7389-4ECB-871C-877AA766ED2D}.DVD-5|x64.Build.0 = DVD-5
		{864A02D4-7389-4ECB-871C-877AA766ED2D}.DVD-5|x86.ActiveCfg = DVD-5
		{864A02D4-7389-4ECB-871C-877AA766ED2D}.DVD-5|x86.Build.0 = DVD-5
		{864A02D4-7389-4ECB-871C-877AA766ED2D}.Release|x64.ActiveCfg = SingleImage
		{864A02D4-7389-4ECB-871C-877AA766ED2D}.Release|x64.Build.0 = SingleImage
		{864A02D4-7389-4ECB-871C-877AA766ED2D}.Release|x86.ActiveCfg = SingleImage
		{864A02D4-7389-4ECB-871C-877AA766ED2D}.Release|x86.Build.0 = SingleImage
		{864A02D4-7389-4ECB-871C-877AA766ED2D}.SingleImage|x64.ActiveCfg = SingleImage
		{864A02D4-7389-4ECB-871C-877AA766ED2D}.SingleImage|x64.Build.0 = SingleImage
		{864A02D4-7389-4ECB-871C-877AA766ED2D}.SingleImage|x86.ActiveCfg = SingleImage
		{864A02D4-7389-4ECB-871C-877AA766ED2D}.SingleImage|x86.Build.0 = SingleImage
	EndGlobalSection
	GlobalSection(SolutionProperties) = preSolution
		HideSolutionNode = FALSE
	EndGlobalSection
EndGlobal
